
Microsoft Visual Studio Solution File, Format Version 12.00
# Visual Studio Version 16
VisualStudioVersion = 16.0.34031.81
MinimumVisualStudioVersion = 10.0.40219.1
Project("{9A19103F-16F7-4668-BE54-9A1E7A4F7556}") = "WebApi", "WebApi\WebApi.csproj", "{881D0FA7-08E7-4134-905C-966B8D6183E8}"
EndProject
Global
	GlobalSection(SolutionConfigurationPlatforms) = preSolution
		Debug|Any CPU = Debug|Any CPU
		Release|Any CPU = Release|Any CPU
	EndGlobalSection
	GlobalSection(ProjectConfigurationPlatforms) = postSolution
		{881D0FA7-08E7-4134-905C-966B8D6183E8}.Debug|Any CPU.ActiveCfg = Debug|Any CPU
		{881D0FA7-08E7-4134-905C-966B8D6183E8}.Debug|Any CPU.Build.0 = Debug|Any CPU
		{881D0FA7-08E7-4134-905C-966B8D6183E8}.Release|Any CPU.ActiveCfg = Release|Any CPU
		{881D0FA7-08E7-4134-905C-966B8D6183E8}.Release|Any CPU.Build.0 = Release|Any CPU
	EndGlobalSection
	GlobalSection(SolutionProperties) = preSolution
		HideSolutionNode = FALSE
	EndGlobalSection
	GlobalSection(ExtensibilityGlobals) = postSolution
		SolutionGuid = {96C7BE1D-BF8D-453C-AA1E-B470DDDD0D10}
	EndGlobalSection
EndGlobal
